
Microsoft Visual Studio Solution File, Format Version 12.00
# Visual Studio Version 16
VisualStudioVersion = 16.0.30204.135
MinimumVisualStudioVersion = 10.0.40219.1
Project("{FAE04EC0-301F-11D3-BF4B-00C04F79EFBC}") = "OLC1-SQL", "OLC1-SQL.csproj", "{50E41056-E141-4574-B8D0-D60C096E8181}"
EndProject
Global
	GlobalSection(SolutionConfigurationPlatforms) = preSolution
		Debug|Any CPU = Debug|Any CPU
		Release|Any CPU = Release|Any CPU
	EndGlobalSection
	GlobalSection(ProjectConfigurationPlatforms) = postSolution
		{50E41056-E141-4574-B8D0-D60C096E8181}.Debug|Any CPU.ActiveCfg = Debug|Any CPU
		{50E41056-E141-4574-B8D0-D60C096E8181}.Debug|Any CPU.Build.0 = Debug|Any CPU
		{50E41056-E141-4574-B8D0-D60C096E8181}.Release|Any CPU.ActiveCfg = Release|Any CPU
		{50E41056-E141-4574-B8D0-D60C096E8181}.Release|Any CPU.Build.0 = Release|Any CPU
	EndGlobalSection
	GlobalSection(SolutionProperties) = preSolution
		HideSolutionNode = FALSE
	EndGlobalSection
	GlobalSection(ExtensibilityGlobals) = postSolution
		SolutionGuid = {07B55889-7D2E-40E6-B223-C1BEEFE4DE50}
	EndGlobalSection
EndGlobal
